
Microsoft Visual Studio Solution File, Format Version 12.00
# Visual Studio Version 16
VisualStudioVersion = 16.0.31729.503
MinimumVisualStudioVersion = 10.0.40219.1
Project("{8BC9CEB8-8B4A-11D0-8D11-00A0C91BC942}") = "console_one", "console_one\console_one.vcxproj", "{2E2596BC-27D4-49CE-A4B0-F59812207614}"
EndProject
Project("{8BC9CEB8-8B4A-11D0-8D11-00A0C91BC942}") = "console_two", "console_two\console_two.vcxproj", "{A576C903-97DD-4233-9F48-FEF60BE35E4D}"
EndProject
Global
	GlobalSection(SolutionConfigurationPlatforms) = preSolution
		Debug|x64 = Debug|x64
		Debug|x86 = Debug|x86
		Release|x64 = Release|x64
		Release|x86 = Release|x86
	EndGlobalSection
	GlobalSection(ProjectConfigurationPlatforms) = postSolution
		{2E2596BC-27D4-49CE-A4B0-F59812207614}.Debug|x64.ActiveCfg = Debug|x64
		{2E2596BC-27D4-49CE-A4B0-F59812207614}.Debug|x64.Build.0 = Debug|x64
		{2E2596BC-27D4-49CE-A4B0-F59812207614}.Debug|x86.ActiveCfg = Debug|Win32
		{2E2596BC-27D4-49CE-A4B0-F59812207614}.Debug|x86.Build.0 = Debug|Win32
		{2E2596BC-27D4-49CE-A4B0-F59812207614}.Release|x64.ActiveCfg = Release|x64
		{2E2596BC-27D4-49CE-A4B0-F59812207614}.Release|x64.Build.0 = Release|x64
		{2E2596BC-27D4-49CE-A4B0-F59812207614}.Release|x86.ActiveCfg = Release|Win32
		{2E2596BC-27D4-49CE-A4B0-F59812207614}.Release|x86.Build.0 = Release|Win32
		{A576C903-97DD-4233-9F48-FEF60BE35E4D}.Debug|x64.ActiveCfg = Debug|x64
		{A576C903-97DD-4233-9F48-FEF60BE35E4D}.Debug|x64.Build.0 = Debug|x64
		{A576C903-97DD-4233-9F48-FEF60BE35E4D}.Debug|x86.ActiveCfg = Debug|Win32
		{A576C903-97DD-4233-9F48-FEF60BE35E4D}.Debug|x86.Build.0 = Debug|Win32
		{A576C903-97DD-4233-9F48-FEF60BE35E4D}.Release|x64.ActiveCfg = Release|x64
		{A576C903-97DD-4233-9F48-FEF60BE35E4D}.Release|x64.Build.0 = Release|x64
		{A576C903-97DD-4233-9F48-FEF60BE35E4D}.Release|x86.ActiveCfg = Release|Win32
		{A576C903-97DD-4233-9F48-FEF60BE35E4D}.Release|x86.Build.0 = Release|Win32
	EndGlobalSection
	GlobalSection(SolutionProperties) = preSolution
		HideSolutionNode = FALSE
	EndGlobalSection
	GlobalSection(ExtensibilityGlobals) = postSolution
		SolutionGuid = {49C87269-24B3-4C4F-901C-B07DB97F81F3}
	EndGlobalSection
EndGlobal
